
Microsoft Visual Studio Solution File, Format Version 12.00
# Visual Studio Version 16
VisualStudioVersion = 16.0.30804.86
MinimumVisualStudioVersion = 10.0.40219.1
Project("{9A19103F-16F7-4668-BE54-9A1E7A4F7556}") = "IpControlDemo", "IpControlDemo\IpControlDemo.csproj", "{A537295D-F594-4F81-BDDB-4C914EF0BC97}"
	ProjectSection(ProjectDependencies) = postProject
		{B62B48D3-C35E-4AA0-8D19-7E3B63A5EE5A} = {B62B48D3-C35E-4AA0-8D19-7E3B63A5EE5A}
	EndProjectSection
EndProject
Project("{9A19103F-16F7-4668-BE54-9A1E7A4F7556}") = "IpControl", "IpControl\IpControl.csproj", "{B62B48D3-C35E-4AA0-8D19-7E3B63A5EE5A}"
EndProject
Project("{2150E333-8FDC-42A3-9474-1A3956D46DE8}") = "Solution Items", "Solution Items", "{21D6A180-BB13-4964-AA09-94350F0BC054}"
	ProjectSection(SolutionItems) = preProject
		.gitattributes = .gitattributes
		.gitignore = .gitignore
		LICENSE = LICENSE
		README.md = README.md
	EndProjectSection
EndProject
Project("{2150E333-8FDC-42A3-9474-1A3956D46DE8}") = "Workflows", "Workflows", "{CBAD512B-BE62-45E3-97F0-C0361757853A}"
	ProjectSection(SolutionItems) = preProject
		.github\workflows\dotnet.yml = .github\workflows\dotnet.yml
	EndProjectSection
EndProject
Global
	GlobalSection(SolutionConfigurationPlatforms) = preSolution
		Debug|Any CPU = Debug|Any CPU
		Release|Any CPU = Release|Any CPU
	EndGlobalSection
	GlobalSection(ProjectConfigurationPlatforms) = postSolution
		{A537295D-F594-4F81-BDDB-4C914EF0BC97}.Debug|Any CPU.ActiveCfg = Debug|Any CPU
		{A537295D-F594-4F81-BDDB-4C914EF0BC97}.Debug|Any CPU.Build.0 = Debug|Any CPU
		{A537295D-F594-4F81-BDDB-4C914EF0BC97}.Release|Any CPU.ActiveCfg = Release|Any CPU
		{A537295D-F594-4F81-BDDB-4C914EF0BC97}.Release|Any CPU.Build.0 = Release|Any CPU
		{B62B48D3-C35E-4AA0-8D19-7E3B63A5EE5A}.Debug|Any CPU.ActiveCfg = Debug|Any CPU
		{B62B48D3-C35E-4AA0-8D19-7E3B63A5EE5A}.Debug|Any CPU.Build.0 = Debug|Any CPU
		{B62B48D3-C35E-4AA0-8D19-7E3B63A5EE5A}.Release|Any CPU.ActiveCfg = Release|Any CPU
		{B62B48D3-C35E-4AA0-8D19-7E3B63A5EE5A}.Release|Any CPU.Build.0 = Release|Any CPU
	EndGlobalSection
	GlobalSection(SolutionProperties) = preSolution
		HideSolutionNode = FALSE
	EndGlobalSection
	GlobalSection(ExtensibilityGlobals) = postSolution
		SolutionGuid = {CA0356B6-33C0-4E8D-8C9F-0DAF8BB28579}
	EndGlobalSection
EndGlobal
